
Microsoft Visual Studio Solution File, Format Version 12.00
Project("{2150E333-8FDC-42A3-9474-1A3956D46DE8}") = "BuildingBlocks", "BuildingBlocks", "{03AA39B6-A8AC-4C0B-AFA3-31DF53317DF0}"
EndProject
Project("{FAE04EC0-301F-11D3-BF4B-00C04F79EFBC}") = "Architecture", "src\BuildingBlocks\Architecture\Architecture.csproj", "{2258AA3C-ECB9-477D-A896-80037E6D9D62}"
EndProject
Project("{2150E333-8FDC-42A3-9474-1A3956D46DE8}") = "src", "src", "{AD6A6F26-CAD9-475C-9315-74D9C8635389}"
EndProject
Project("{FAE04EC0-301F-11D3-BF4B-00C04F79EFBC}") = "Core", "src\Core\Core.csproj", "{FAD2CCA1-9318-473C-AF5B-5B428AF182F9}"
EndProject
Project("{2150E333-8FDC-42A3-9474-1A3956D46DE8}") = "Solution Items", "Solution Items", "{18190B18-0CE0-4406-835F-8FEE20D1FAA4}"
	ProjectSection(SolutionItems) = preProject
		README.md = README.md
		.editorconfig = .editorconfig
		.gitignore = .gitignore
	EndProjectSection
EndProject
Project("{2150E333-8FDC-42A3-9474-1A3956D46DE8}") = "test", "test", "{B723033D-1029-493A-B854-BBD4955B833A}"
EndProject
Project("{FAE04EC0-301F-11D3-BF4B-00C04F79EFBC}") = "Core.Tests", "test\Core.Tests\Core.Tests.csproj", "{5F29B1EE-AA10-4EEB-9C96-FDF357AE9B41}"
EndProject
Project("{FAE04EC0-301F-11D3-BF4B-00C04F79EFBC}") = "Application", "src\Application\Application.csproj", "{81AD6601-46AF-45E1-B8E3-0D5C70D3D0AA}"
EndProject
Project("{FAE04EC0-301F-11D3-BF4B-00C04F79EFBC}") = "Presentation.Api", "src\Presentation.Api\Presentation.Api.csproj", "{89E49C42-E606-4E85-8920-27B199DC8627}"
EndProject
Project("{FAE04EC0-301F-11D3-BF4B-00C04F79EFBC}") = "Infrastructure", "src\Infrastructure\Infrastructure.csproj", "{45560D03-AF95-4463-A196-9ABB09A979D8}"
EndProject
Project("{FAE04EC0-301F-11D3-BF4B-00C04F79EFBC}") = "Logging", "src\BuildingBlocks\Logging\Logging.csproj", "{FF7AA0F2-FE00-4DED-B922-9A5A5B726B56}"
EndProject
Project("{FAE04EC0-301F-11D3-BF4B-00C04F79EFBC}") = "AspNetCore", "src\BuildingBlocks\AspNetCore\AspNetCore.csproj", "{F23540F9-42B1-46A9-8A94-503A7A84DB0D}"
EndProject
Global
	GlobalSection(SolutionConfigurationPlatforms) = preSolution
		Debug|Any CPU = Debug|Any CPU
		Release|Any CPU = Release|Any CPU
	EndGlobalSection
	GlobalSection(ProjectConfigurationPlatforms) = postSolution
		{2258AA3C-ECB9-477D-A896-80037E6D9D62}.Debug|Any CPU.ActiveCfg = Debug|Any CPU
		{2258AA3C-ECB9-477D-A896-80037E6D9D62}.Debug|Any CPU.Build.0 = Debug|Any CPU
		{2258AA3C-ECB9-477D-A896-80037E6D9D62}.Release|Any CPU.ActiveCfg = Release|Any CPU
		{2258AA3C-ECB9-477D-A896-80037E6D9D62}.Release|Any CPU.Build.0 = Release|Any CPU
		{FAD2CCA1-9318-473C-AF5B-5B428AF182F9}.Debug|Any CPU.ActiveCfg = Debug|Any CPU
		{FAD2CCA1-9318-473C-AF5B-5B428AF182F9}.Debug|Any CPU.Build.0 = Debug|Any CPU
		{FAD2CCA1-9318-473C-AF5B-5B428AF182F9}.Release|Any CPU.ActiveCfg = Release|Any CPU
		{FAD2CCA1-9318-473C-AF5B-5B428AF182F9}.Release|Any CPU.Build.0 = Release|Any CPU
		{5F29B1EE-AA10-4EEB-9C96-FDF357AE9B41}.Debug|Any CPU.ActiveCfg = Debug|Any CPU
		{5F29B1EE-AA10-4EEB-9C96-FDF357AE9B41}.Debug|Any CPU.Build.0 = Debug|Any CPU
		{5F29B1EE-AA10-4EEB-9C96-FDF357AE9B41}.Release|Any CPU.ActiveCfg = Release|Any CPU
		{5F29B1EE-AA10-4EEB-9C96-FDF357AE9B41}.Release|Any CPU.Build.0 = Release|Any CPU
		{81AD6601-46AF-45E1-B8E3-0D5C70D3D0AA}.Debug|Any CPU.ActiveCfg = Debug|Any CPU
		{81AD6601-46AF-45E1-B8E3-0D5C70D3D0AA}.Debug|Any CPU.Build.0 = Debug|Any CPU
		{81AD6601-46AF-45E1-B8E3-0D5C70D3D0AA}.Release|Any CPU.ActiveCfg = Release|Any CPU
		{81AD6601-46AF-45E1-B8E3-0D5C70D3D0AA}.Release|Any CPU.Build.0 = Release|Any CPU
		{89E49C42-E606-4E85-8920-27B199DC8627}.Debug|Any CPU.ActiveCfg = Debug|Any CPU
		{89E49C42-E606-4E85-8920-27B199DC8627}.Debug|Any CPU.Build.0 = Debug|Any CPU
		{89E49C42-E606-4E85-8920-27B199DC8627}.Release|Any CPU.ActiveCfg = Release|Any CPU
		{89E49C42-E606-4E85-8920-27B199DC8627}.Release|Any CPU.Build.0 = Release|Any CPU
		{45560D03-AF95-4463-A196-9ABB09A979D8}.Debug|Any CPU.ActiveCfg = Debug|Any CPU
		{45560D03-AF95-4463-A196-9ABB09A979D8}.Debug|Any CPU.Build.0 = Debug|Any CPU
		{45560D03-AF95-4463-A196-9ABB09A979D8}.Release|Any CPU.ActiveCfg = Release|Any CPU
		{45560D03-AF95-4463-A196-9ABB09A979D8}.Release|Any CPU.Build.0 = Release|Any CPU
		{FF7AA0F2-FE00-4DED-B922-9A5A5B726B56}.Debug|Any CPU.ActiveCfg = Debug|Any CPU
		{FF7AA0F2-FE00-4DED-B922-9A5A5B726B56}.Debug|Any CPU.Build.0 = Debug|Any CPU
		{FF7AA0F2-FE00-4DED-B922-9A5A5B726B56}.Release|Any CPU.ActiveCfg = Release|Any CPU
		{FF7AA0F2-FE00-4DED-B922-9A5A5B726B56}.Release|Any CPU.Build.0 = Release|Any CPU
		{F23540F9-42B1-46A9-8A94-503A7A84DB0D}.Debug|Any CPU.ActiveCfg = Debug|Any CPU
		{F23540F9-42B1-46A9-8A94-503A7A84DB0D}.Debug|Any CPU.Build.0 = Debug|Any CPU
		{F23540F9-42B1-46A9-8A94-503A7A84DB0D}.Release|Any CPU.ActiveCfg = Release|Any CPU
		{F23540F9-42B1-46A9-8A94-503A7A84DB0D}.Release|Any CPU.Build.0 = Release|Any CPU
	EndGlobalSection
	GlobalSection(NestedProjects) = preSolution
		{2258AA3C-ECB9-477D-A896-80037E6D9D62} = {03AA39B6-A8AC-4C0B-AFA3-31DF53317DF0}
		{03AA39B6-A8AC-4C0B-AFA3-31DF53317DF0} = {AD6A6F26-CAD9-475C-9315-74D9C8635389}
		{FAD2CCA1-9318-473C-AF5B-5B428AF182F9} = {AD6A6F26-CAD9-475C-9315-74D9C8635389}
		{5F29B1EE-AA10-4EEB-9C96-FDF357AE9B41} = {B723033D-1029-493A-B854-BBD4955B833A}
		{81AD6601-46AF-45E1-B8E3-0D5C70D3D0AA} = {AD6A6F26-CAD9-475C-9315-74D9C8635389}
		{89E49C42-E606-4E85-8920-27B199DC8627} = {AD6A6F26-CAD9-475C-9315-74D9C8635389}
		{45560D03-AF95-4463-A196-9ABB09A979D8} = {AD6A6F26-CAD9-475C-9315-74D9C8635389}
		{FF7AA0F2-FE00-4DED-B922-9A5A5B726B56} = {03AA39B6-A8AC-4C0B-AFA3-31DF53317DF0}
		{F23540F9-42B1-46A9-8A94-503A7A84DB0D} = {03AA39B6-A8AC-4C0B-AFA3-31DF53317DF0}
	EndGlobalSection
EndGlobal
